
Microsoft Visual Studio Solution File, Format Version 12.00
# Visual Studio Version 17
VisualStudioVersion = 17.11.35312.102
MinimumVisualStudioVersion = 10.0.40219.1
Project("{FAE04EC0-301F-11D3-BF4B-00C04F79EFBC}") = "01_MainSubjects", "01_MainSubjects\01_MainSubjects.csproj", "{7A439718-A226-4EA9-967C-09CDB60A3F23}"
EndProject
Project("{FAE04EC0-301F-11D3-BF4B-00C04F79EFBC}") = "02_Variables", "02_Variables\02_Variables.csproj", "{7FFA4355-974C-4D92-8131-85B2C7B6B97C}"
EndProject
Project("{FAE04EC0-301F-11D3-BF4B-00C04F79EFBC}") = "03_MakingDecision", "03_MakingDecision\03_MakingDecision.csproj", "{D08C8457-7EF2-4B51-8051-EFB44EF8911D}"
EndProject
Project("{FAE04EC0-301F-11D3-BF4B-00C04F79EFBC}") = "04_Loops", "04_Loops\04_Loops.csproj", "{1B7B7ED9-A256-408B-B414-FE80A2FA1946}"
EndProject
Project("{FAE04EC0-301F-11D3-BF4B-00C04F79EFBC}") = "05_LoopsWithStars", "05_LoopsWithStars\05_LoopsWithStars.csproj", "{1CC8F757-9E56-44B3-A052-B543827490B5}"
EndProject
Global
	GlobalSection(SolutionConfigurationPlatforms) = preSolution
		Debug|Any CPU = Debug|Any CPU
		Release|Any CPU = Release|Any CPU
	EndGlobalSection
	GlobalSection(ProjectConfigurationPlatforms) = postSolution
		{7A439718-A226-4EA9-967C-09CDB60A3F23}.Debug|Any CPU.ActiveCfg = Debug|Any CPU
		{7A439718-A226-4EA9-967C-09CDB60A3F23}.Debug|Any CPU.Build.0 = Debug|Any CPU
		{7A439718-A226-4EA9-967C-09CDB60A3F23}.Release|Any CPU.ActiveCfg = Release|Any CPU
		{7A439718-A226-4EA9-967C-09CDB60A3F23}.Release|Any CPU.Build.0 = Release|Any CPU
		{7FFA4355-974C-4D92-8131-85B2C7B6B97C}.Debug|Any CPU.ActiveCfg = Debug|Any CPU
		{7FFA4355-974C-4D92-8131-85B2C7B6B97C}.Debug|Any CPU.Build.0 = Debug|Any CPU
		{7FFA4355-974C-4D92-8131-85B2C7B6B97C}.Release|Any CPU.ActiveCfg = Release|Any CPU
		{7FFA4355-974C-4D92-8131-85B2C7B6B97C}.Release|Any CPU.Build.0 = Release|Any CPU
		{D08C8457-7EF2-4B51-8051-EFB44EF8911D}.Debug|Any CPU.ActiveCfg = Debug|Any CPU
		{D08C8457-7EF2-4B51-8051-EFB44EF8911D}.Debug|Any CPU.Build.0 = Debug|Any CPU
		{D08C8457-7EF2-4B51-8051-EFB44EF8911D}.Release|Any CPU.ActiveCfg = Release|Any CPU
		{D08C8457-7EF2-4B51-8051-EFB44EF8911D}.Release|Any CPU.Build.0 = Release|Any CPU
		{1B7B7ED9-A256-408B-B414-FE80A2FA1946}.Debug|Any CPU.ActiveCfg = Debug|Any CPU
		{1B7B7ED9-A256-408B-B414-FE80A2FA1946}.Debug|Any CPU.Build.0 = Debug|Any CPU
		{1B7B7ED9-A256-408B-B414-FE80A2FA1946}.Release|Any CPU.ActiveCfg = Release|Any CPU
		{1B7B7ED9-A256-408B-B414-FE80A2FA1946}.Release|Any CPU.Build.0 = Release|Any CPU
		{1CC8F757-9E56-44B3-A052-B543827490B5}.Debug|Any CPU.ActiveCfg = Debug|Any CPU
		{1CC8F757-9E56-44B3-A052-B543827490B5}.Debug|Any CPU.Build.0 = Debug|Any CPU
		{1CC8F757-9E56-44B3-A052-B543827490B5}.Release|Any CPU.ActiveCfg = Release|Any CPU
		{1CC8F757-9E56-44B3-A052-B543827490B5}.Release|Any CPU.Build.0 = Release|Any CPU
	EndGlobalSection
	GlobalSection(SolutionProperties) = preSolution
		HideSolutionNode = FALSE
	EndGlobalSection
	GlobalSection(ExtensibilityGlobals) = postSolution
		SolutionGuid = {E9B2C6CC-6489-49D0-AFB1-8A61C2F60E7F}
	EndGlobalSection
EndGlobal
